
Microsoft Visual Studio Solution File, Format Version 12.00
Project("{2150E333-8FDC-42A3-9474-1A3956D46DE8}") = "src", "src", "{4C979E3D-4335-44C5-8047-8144B463DF85}"
EndProject
Project("{FAE04EC0-301F-11D3-BF4B-00C04F79EFBC}") = "Compiler", "src\Compiler\Compiler.csproj", "{5B58AD97-D25D-4B90-9244-430F6C536A72}"
EndProject
Project("{FAE04EC0-301F-11D3-BF4B-00C04F79EFBC}") = "Interpreter", "src\Interpreter\Interpreter.csproj", "{C0777016-B67C-4EC4-9DAF-E2D5ED820022}"
EndProject
Project("{FAE04EC0-301F-11D3-BF4B-00C04F79EFBC}") = "Program", "src\Program\Program.csproj", "{CBA5330F-96D7-4B6A-93FF-B2F2EB93870B}"
EndProject
Global
	GlobalSection(SolutionConfigurationPlatforms) = preSolution
		Debug|Any CPU = Debug|Any CPU
		Release|Any CPU = Release|Any CPU
	EndGlobalSection
	GlobalSection(ProjectConfigurationPlatforms) = postSolution
		{5B58AD97-D25D-4B90-9244-430F6C536A72}.Debug|Any CPU.ActiveCfg = Debug|Any CPU
		{5B58AD97-D25D-4B90-9244-430F6C536A72}.Debug|Any CPU.Build.0 = Debug|Any CPU
		{5B58AD97-D25D-4B90-9244-430F6C536A72}.Release|Any CPU.ActiveCfg = Release|Any CPU
		{5B58AD97-D25D-4B90-9244-430F6C536A72}.Release|Any CPU.Build.0 = Release|Any CPU
		{C0777016-B67C-4EC4-9DAF-E2D5ED820022}.Debug|Any CPU.ActiveCfg = Debug|Any CPU
		{C0777016-B67C-4EC4-9DAF-E2D5ED820022}.Debug|Any CPU.Build.0 = Debug|Any CPU
		{C0777016-B67C-4EC4-9DAF-E2D5ED820022}.Release|Any CPU.ActiveCfg = Release|Any CPU
		{C0777016-B67C-4EC4-9DAF-E2D5ED820022}.Release|Any CPU.Build.0 = Release|Any CPU
		{CBA5330F-96D7-4B6A-93FF-B2F2EB93870B}.Debug|Any CPU.ActiveCfg = Debug|Any CPU
		{CBA5330F-96D7-4B6A-93FF-B2F2EB93870B}.Debug|Any CPU.Build.0 = Debug|Any CPU
		{CBA5330F-96D7-4B6A-93FF-B2F2EB93870B}.Release|Any CPU.ActiveCfg = Release|Any CPU
		{CBA5330F-96D7-4B6A-93FF-B2F2EB93870B}.Release|Any CPU.Build.0 = Release|Any CPU
	EndGlobalSection
	GlobalSection(NestedProjects) = preSolution
		{5B58AD97-D25D-4B90-9244-430F6C536A72} = {4C979E3D-4335-44C5-8047-8144B463DF85}
		{C0777016-B67C-4EC4-9DAF-E2D5ED820022} = {4C979E3D-4335-44C5-8047-8144B463DF85}
		{CBA5330F-96D7-4B6A-93FF-B2F2EB93870B} = {4C979E3D-4335-44C5-8047-8144B463DF85}
	EndGlobalSection
EndGlobal
